
Microsoft Visual Studio Solution File, Format Version 12.00
# Visual Studio Version 17
VisualStudioVersion = 17.3.32901.215
MinimumVisualStudioVersion = 10.0.40219.1
Project("{FAE04EC0-301F-11D3-BF4B-00C04F79EFBC}") = "Aeroflot2", "Aeroflot2\Aeroflot2.csproj", "{7476FEC5-EF6B-4ECF-B6AC-8F3984E8C455}"
EndProject
Global
	GlobalSection(SolutionConfigurationPlatforms) = preSolution
		Debug|Any CPU = Debug|Any CPU
		Release|Any CPU = Release|Any CPU
	EndGlobalSection
	GlobalSection(ProjectConfigurationPlatforms) = postSolution
		{7476FEC5-EF6B-4ECF-B6AC-8F3984E8C455}.Debug|Any CPU.ActiveCfg = Debug|Any CPU
		{7476FEC5-EF6B-4ECF-B6AC-8F3984E8C455}.Debug|Any CPU.Build.0 = Debug|Any CPU
		{7476FEC5-EF6B-4ECF-B6AC-8F3984E8C455}.Release|Any CPU.ActiveCfg = Release|Any CPU
		{7476FEC5-EF6B-4ECF-B6AC-8F3984E8C455}.Release|Any CPU.Build.0 = Release|Any CPU
	EndGlobalSection
	GlobalSection(SolutionProperties) = preSolution
		HideSolutionNode = FALSE
	EndGlobalSection
	GlobalSection(ExtensibilityGlobals) = postSolution
		SolutionGuid = {7C169B27-D1D6-4BDD-9923-270989ED74D7}
	EndGlobalSection
EndGlobal
